
Microsoft Visual Studio Solution File, Format Version 12.00
# Visual Studio Version 17
VisualStudioVersion = 17.1.32228.430
MinimumVisualStudioVersion = 10.0.40219.1
Project("{8BC9CEB8-8B4A-11D0-8D11-00A0C91BC942}") = "Bai001", "Bai001\Bai001.vcxproj", "{62C3E28B-D9EE-4415-A1B6-6A53C8F1C8AF}"
EndProject
Project("{8BC9CEB8-8B4A-11D0-8D11-00A0C91BC942}") = "Bai029", "Bai029\Bai029.vcxproj", "{03A54144-38F1-443C-8027-C99733E3F1A3}"
EndProject
Project("{8BC9CEB8-8B4A-11D0-8D11-00A0C91BC942}") = "Bai003", "Bai003\Bai003.vcxproj", "{EDBACF8B-BBA9-494E-9C1C-1E2B3E2E5A53}"
EndProject
Project("{8BC9CEB8-8B4A-11D0-8D11-00A0C91BC942}") = "Bai002", "Bai002\Bai002.vcxproj", "{05248EF1-D069-4121-83A7-9185707DE6D6}"
EndProject
Project("{8BC9CEB8-8B4A-11D0-8D11-00A0C91BC942}") = "Bai004", "Bai004\Bai004.vcxproj", "{D9F71C11-7DEC-4BF4-8689-D485D5FB4D9B}"
EndProject
Project("{8BC9CEB8-8B4A-11D0-8D11-00A0C91BC942}") = "Bai005", "Bai005\Bai005.vcxproj", "{97B03488-845F-4DA3-A84B-A0E81AC96A18}"
EndProject
Project("{8BC9CEB8-8B4A-11D0-8D11-00A0C91BC942}") = "Bai006", "Bai006\Bai006.vcxproj", "{1C121686-BE24-443E-8642-E54F059CE69F}"
EndProject
<<<<<<< HEAD
Project("{8BC9CEB8-8B4A-11D0-8D11-00A0C91BC942}") = "Bai007", "Bai007\Bai007.vcxproj", "{F5C3F4BD-17A7-432A-9375-2639ABB46A4C}"
EndProject
Project("{8BC9CEB8-8B4A-11D0-8D11-00A0C91BC942}") = "Bai009", "Bai009\Bai009.vcxproj", "{BB753C53-D175-42E0-B6F5-228BE8028F44}"
EndProject
Project("{8BC9CEB8-8B4A-11D0-8D11-00A0C91BC942}") = "Bai010", "Bai010\Bai010.vcxproj", "{84ADD42B-4D38-4279-A2F1-A6ADBFACB22A}"
EndProject
Project("{8BC9CEB8-8B4A-11D0-8D11-00A0C91BC942}") = "Bai008", "Bai008\Bai008.vcxproj", "{45263772-4EE1-4E2D-97D6-DCAF732D8C91}"
EndProject
Project("{8BC9CEB8-8B4A-11D0-8D11-00A0C91BC942}") = "Bai011", "Bai011\Bai011.vcxproj", "{3B613A76-7EB2-45B1-8C76-C4CE4AF840FB}"
EndProject
Project("{8BC9CEB8-8B4A-11D0-8D11-00A0C91BC942}") = "Bai012", "Bai012\Bai012.vcxproj", "{4C6B8925-9D2A-4B38-A2F6-E20259DE6CDC}"
EndProject
Project("{8BC9CEB8-8B4A-11D0-8D11-00A0C91BC942}") = "Bai013", "Bai013\Bai013.vcxproj", "{28A11EA8-5488-41BB-B1A4-FD06A8E8B969}"
EndProject
Project("{8BC9CEB8-8B4A-11D0-8D11-00A0C91BC942}") = "Bai014", "Bai014\Bai014.vcxproj", "{2E835856-23B7-4DBE-8BB6-1C6353D86672}"
EndProject
Project("{8BC9CEB8-8B4A-11D0-8D11-00A0C91BC942}") = "Bai015", "Bai015\Bai015.vcxproj", "{7D9E8367-08CC-4FA3-B224-124AB560EB9F}"
EndProject
Project("{8BC9CEB8-8B4A-11D0-8D11-00A0C91BC942}") = "Bai016", "Bai016\Bai016.vcxproj", "{B8993011-9E30-4D01-A134-E6929C263C54}"
EndProject
Project("{8BC9CEB8-8B4A-11D0-8D11-00A0C91BC942}") = "Bai017", "Bai017\Bai017.vcxproj", "{E18D9EF4-E40C-41DE-8887-D992BBAB2E15}"
EndProject
Project("{8BC9CEB8-8B4A-11D0-8D11-00A0C91BC942}") = "Bai018", "Bai018\Bai018.vcxproj", "{FE2D3F24-E19D-4D5E-8BCE-2A4766BA5AA3}"
EndProject
Project("{8BC9CEB8-8B4A-11D0-8D11-00A0C91BC942}") = "Bai019", "Bai019\Bai019.vcxproj", "{D7AD94E7-9D90-4DD1-8A00-A39396A1A74D}"
EndProject
Project("{8BC9CEB8-8B4A-11D0-8D11-00A0C91BC942}") = "Bai020", "Bai020\Bai020.vcxproj", "{AE66AEE4-4E03-4EC3-9E3B-9F3DFE8B3C2B}"
EndProject
Project("{8BC9CEB8-8B4A-11D0-8D11-00A0C91BC942}") = "Bai021", "Bai021\Bai021.vcxproj", "{06AA430C-49E3-4BCC-9906-DE0C4B27EAEE}"
EndProject
Project("{8BC9CEB8-8B4A-11D0-8D11-00A0C91BC942}") = "Bai022", "Bai022\Bai022.vcxproj", "{1C9FE184-2BDA-4E61-A84E-AF69C50531AD}"
EndProject
Project("{8BC9CEB8-8B4A-11D0-8D11-00A0C91BC942}") = "Bai023", "Bai023\Bai023.vcxproj", "{A15F2CDA-D5E4-4802-8BE1-0CA1CE5F7ED0}"
EndProject
Project("{8BC9CEB8-8B4A-11D0-8D11-00A0C91BC942}") = "Bai024", "Bai024\Bai024.vcxproj", "{38FDE220-A6FA-4548-B58F-CC4408CB84FA}"
EndProject
Project("{8BC9CEB8-8B4A-11D0-8D11-00A0C91BC942}") = "Bai025", "Bai025\Bai025.vcxproj", "{3D36B1B1-C3F5-415F-8A58-073956A16389}"
EndProject
Project("{8BC9CEB8-8B4A-11D0-8D11-00A0C91BC942}") = "Bai026", "Bai026\Bai026.vcxproj", "{32EF2E88-006A-4024-8350-F4D9D8AAED59}"
EndProject
Project("{8BC9CEB8-8B4A-11D0-8D11-00A0C91BC942}") = "Bai027", "Bai027\Bai027.vcxproj", "{FB77D90A-A260-4F14-B5BF-5724D933DDEB}"
EndProject
Project("{8BC9CEB8-8B4A-11D0-8D11-00A0C91BC942}") = "Bai028", "Bai028\Bai028.vcxproj", "{DBBB91F1-A8E4-4420-AA5F-AD097A3B9397}"
EndProject
Project("{8BC9CEB8-8B4A-11D0-8D11-00A0C91BC942}") = "Bai030", "Bai030\Bai030.vcxproj", "{FB0EFDB0-810B-4C9C-9B87-90A76A92A6FB}"
EndProject
Project("{8BC9CEB8-8B4A-11D0-8D11-00A0C91BC942}") = "Bai031", "Bai031\Bai031.vcxproj", "{5FF37201-CB62-4FC5-80C5-96B04E3EF17E}"
EndProject
Project("{8BC9CEB8-8B4A-11D0-8D11-00A0C91BC942}") = "Bai032", "Bai032\Bai032.vcxproj", "{1B3762CC-FA47-4DCC-84EF-1A27BBB5F356}"
EndProject
Project("{8BC9CEB8-8B4A-11D0-8D11-00A0C91BC942}") = "Bai033", "Bai033\Bai033.vcxproj", "{82ACE539-3E12-4ABF-83A3-B1AE154E3005}"
EndProject
Project("{8BC9CEB8-8B4A-11D0-8D11-00A0C91BC942}") = "Bai034", "Bai034\Bai034.vcxproj", "{D4A31830-DBE2-41B0-8421-A60FA1E2C021}"
EndProject
Project("{8BC9CEB8-8B4A-11D0-8D11-00A0C91BC942}") = "Bai035", "Bai035\Bai035.vcxproj", "{D221AAB0-74BE-468D-BD8B-DDB4CC704067}"
EndProject
Project("{8BC9CEB8-8B4A-11D0-8D11-00A0C91BC942}") = "Bai036", "Bai036\Bai036.vcxproj", "{223E55DF-0DE1-4BB1-9A30-135A58C10B31}"
EndProject
Project("{8BC9CEB8-8B4A-11D0-8D11-00A0C91BC942}") = "Bai037", "Bai037\Bai037.vcxproj", "{394A9FF2-A0CA-46B8-8063-8A4D8758D043}"
EndProject
Project("{8BC9CEB8-8B4A-11D0-8D11-00A0C91BC942}") = "Bai038", "Bai038\Bai038.vcxproj", "{DDF996B4-88C1-49B3-B871-6846D39625BB}"
EndProject
Project("{8BC9CEB8-8B4A-11D0-8D11-00A0C91BC942}") = "Bai039", "Bai039\Bai039.vcxproj", "{38FFC417-CAD2-4440-9827-A5B5F926AB0A}"
EndProject
Project("{8BC9CEB8-8B4A-11D0-8D11-00A0C91BC942}") = "Bai040", "Bai040\Bai040.vcxproj", "{63A47B75-4F0A-4FE9-B6CB-3B04498E1C16}"
EndProject
Project("{8BC9CEB8-8B4A-11D0-8D11-00A0C91BC942}") = "Bai041", "Bai041\Bai041.vcxproj", "{5375CDDD-51EC-4300-982B-EF667BA61636}"
EndProject
Project("{8BC9CEB8-8B4A-11D0-8D11-00A0C91BC942}") = "Bai042", "Bai042\Bai042.vcxproj", "{20131E4D-A82B-4926-81C8-DED734AA445E}"
EndProject
Project("{8BC9CEB8-8B4A-11D0-8D11-00A0C91BC942}") = "Bai043", "Bai043\Bai043.vcxproj", "{1D37347E-FE73-4427-ACD0-9467CDB3AD04}"
EndProject
Project("{8BC9CEB8-8B4A-11D0-8D11-00A0C91BC942}") = "Bai044", "Bai044\Bai044.vcxproj", "{8B7AE298-4327-40F0-B180-92975695D802}"
EndProject
Project("{8BC9CEB8-8B4A-11D0-8D11-00A0C91BC942}") = "Bai045", "Bai045\Bai045.vcxproj", "{675158D8-AE34-4E0A-959D-5D703EDFCDF4}"
EndProject
Project("{8BC9CEB8-8B4A-11D0-8D11-00A0C91BC942}") = "Bai046", "Bai046\Bai046.vcxproj", "{B11323A9-3EC7-4358-9C08-C0A432E86FEC}"
EndProject
Project("{8BC9CEB8-8B4A-11D0-8D11-00A0C91BC942}") = "Bai047", "Bai047\Bai047.vcxproj", "{A481FED5-DCE9-4260-9BF1-9B3E2E900D77}"
EndProject
Project("{8BC9CEB8-8B4A-11D0-8D11-00A0C91BC942}") = "Bai048", "Bai048\Bai048.vcxproj", "{6B46138B-9ABF-4D39-A310-80A532E15FC7}"
EndProject
Project("{8BC9CEB8-8B4A-11D0-8D11-00A0C91BC942}") = "Bai049", "Bai049\Bai049.vcxproj", "{717A88E0-E2DF-43CD-BD56-36843BFA2C04}"
EndProject
Project("{8BC9CEB8-8B4A-11D0-8D11-00A0C91BC942}") = "Bai050", "Bai050\Bai050.vcxproj", "{5F2D92A1-CF55-4B79-87AE-E402B8124435}"
EndProject
Project("{8BC9CEB8-8B4A-11D0-8D11-00A0C91BC942}") = "Bai051", "Bai051\Bai051.vcxproj", "{DDB0B443-7396-4560-B471-BA604573932A}"
EndProject
Project("{8BC9CEB8-8B4A-11D0-8D11-00A0C91BC942}") = "Bai052", "Bai052\Bai052.vcxproj", "{5240B609-4C17-476C-82A4-2C480B863F1A}"
EndProject
Project("{8BC9CEB8-8B4A-11D0-8D11-00A0C91BC942}") = "Bai053", "Bai053\Bai053.vcxproj", "{84FB0ED4-84DD-440F-A8CD-77125D885114}"
EndProject
Project("{8BC9CEB8-8B4A-11D0-8D11-00A0C91BC942}") = "Bai054", "Bai054\Bai054.vcxproj", "{95B82B74-919B-4B5E-AC4B-ECBFD7F5C69B}"
EndProject
Project("{8BC9CEB8-8B4A-11D0-8D11-00A0C91BC942}") = "Bai055", "Bai055\Bai055.vcxproj", "{12F1B9DE-589D-4912-9A72-D659E18C204F}"
EndProject
Project("{8BC9CEB8-8B4A-11D0-8D11-00A0C91BC942}") = "Bai056", "Bai056\Bai056.vcxproj", "{4913113C-774C-4347-8031-B055636DD3A5}"
EndProject
Project("{8BC9CEB8-8B4A-11D0-8D11-00A0C91BC942}") = "Bai057", "Bai057\Bai057.vcxproj", "{E40A227B-766C-4FF3-B12E-C14219E4ED16}"
EndProject
Project("{8BC9CEB8-8B4A-11D0-8D11-00A0C91BC942}") = "Bai058", "Bai058\Bai058.vcxproj", "{11C77DA2-1CA8-4CFE-B395-30994E7A8DF9}"
EndProject
Project("{8BC9CEB8-8B4A-11D0-8D11-00A0C91BC942}") = "Bai059", "Bai059\Bai059.vcxproj", "{91B1F1CF-79BD-4112-A924-9B34D010F84C}"
EndProject
Project("{8BC9CEB8-8B4A-11D0-8D11-00A0C91BC942}") = "Bai060", "Bai060\Bai060.vcxproj", "{7AA6D97A-2677-4CF9-9808-01799200CB0E}"
EndProject
Project("{8BC9CEB8-8B4A-11D0-8D11-00A0C91BC942}") = "Bai61", "Bai61\Bai61.vcxproj", "{218FA726-0853-4FC5-A85B-9C9412DCA764}"
EndProject
Project("{8BC9CEB8-8B4A-11D0-8D11-00A0C91BC942}") = "Bai062", "Bai062\Bai062.vcxproj", "{D824BEE1-4B45-443D-BB19-36752CC92167}"
EndProject
Project("{8BC9CEB8-8B4A-11D0-8D11-00A0C91BC942}") = "Bai063", "Bai063\Bai063.vcxproj", "{5FAF7805-EEF8-4941-8D33-891D8E358631}"
EndProject
Project("{8BC9CEB8-8B4A-11D0-8D11-00A0C91BC942}") = "Bai064", "Bai064\Bai064.vcxproj", "{302D414B-A480-4972-A178-7E8D742BB931}"
EndProject
Project("{8BC9CEB8-8B4A-11D0-8D11-00A0C91BC942}") = "Bai065", "Bai065\Bai065.vcxproj", "{9E105D26-57E6-4807-A6EF-7E4B7BE2494C}"
EndProject
Project("{8BC9CEB8-8B4A-11D0-8D11-00A0C91BC942}") = "Bai066", "Bai066\Bai066.vcxproj", "{F3C300AD-E4D6-4B1A-8013-F12810A8DC37}"
EndProject
Project("{8BC9CEB8-8B4A-11D0-8D11-00A0C91BC942}") = "Bai067", "Bai067\Bai067.vcxproj", "{2BE81DE8-98B5-4D3D-93F4-374AD465AADD}"
EndProject
Project("{8BC9CEB8-8B4A-11D0-8D11-00A0C91BC942}") = "Bai068", "Bai068\Bai068.vcxproj", "{C5CF985A-9A8C-4D36-BA49-A0DEA3432E1A}"
EndProject
Project("{8BC9CEB8-8B4A-11D0-8D11-00A0C91BC942}") = "Bai069", "Bai069\Bai069.vcxproj", "{7567817C-378C-4E47-81D6-E8104A8AEC95}"
EndProject
Project("{8BC9CEB8-8B4A-11D0-8D11-00A0C91BC942}") = "Bai070", "Bai070\Bai070.vcxproj", "{C426E7ED-3C9D-41DB-8FA7-23B508A2B1E8}"
EndProject
=======
>>>>>>> fd3bd8a34880fd46a1988ecf0a9f4ef85eab370f
Global
	GlobalSection(SolutionConfigurationPlatforms) = preSolution
		Debug|x64 = Debug|x64
		Debug|x86 = Debug|x86
		Release|x64 = Release|x64
		Release|x86 = Release|x86
	EndGlobalSection
	GlobalSection(ProjectConfigurationPlatforms) = postSolution
		{62C3E28B-D9EE-4415-A1B6-6A53C8F1C8AF}.Debug|x64.ActiveCfg = Debug|x64
		{62C3E28B-D9EE-4415-A1B6-6A53C8F1C8AF}.Debug|x64.Build.0 = Debug|x64
		{62C3E28B-D9EE-4415-A1B6-6A53C8F1C8AF}.Debug|x86.ActiveCfg = Debug|Win32
		{62C3E28B-D9EE-4415-A1B6-6A53C8F1C8AF}.Debug|x86.Build.0 = Debug|Win32
		{62C3E28B-D9EE-4415-A1B6-6A53C8F1C8AF}.Release|x64.ActiveCfg = Release|x64
		{62C3E28B-D9EE-4415-A1B6-6A53C8F1C8AF}.Release|x64.Build.0 = Release|x64
		{62C3E28B-D9EE-4415-A1B6-6A53C8F1C8AF}.Release|x86.ActiveCfg = Release|Win32
		{62C3E28B-D9EE-4415-A1B6-6A53C8F1C8AF}.Release|x86.Build.0 = Release|Win32
		{03A54144-38F1-443C-8027-C99733E3F1A3}.Debug|x64.ActiveCfg = Debug|x64
		{03A54144-38F1-443C-8027-C99733E3F1A3}.Debug|x64.Build.0 = Debug|x64
		{03A54144-38F1-443C-8027-C99733E3F1A3}.Debug|x86.ActiveCfg = Debug|Win32
		{03A54144-38F1-443C-8027-C99733E3F1A3}.Debug|x86.Build.0 = Debug|Win32
		{03A54144-38F1-443C-8027-C99733E3F1A3}.Release|x64.ActiveCfg = Release|x64
		{03A54144-38F1-443C-8027-C99733E3F1A3}.Release|x64.Build.0 = Release|x64
		{03A54144-38F1-443C-8027-C99733E3F1A3}.Release|x86.ActiveCfg = Release|Win32
		{03A54144-38F1-443C-8027-C99733E3F1A3}.Release|x86.Build.0 = Release|Win32
		{EDBACF8B-BBA9-494E-9C1C-1E2B3E2E5A53}.Debug|x64.ActiveCfg = Debug|x64
		{EDBACF8B-BBA9-494E-9C1C-1E2B3E2E5A53}.Debug|x64.Build.0 = Debug|x64
		{EDBACF8B-BBA9-494E-9C1C-1E2B3E2E5A53}.Debug|x86.ActiveCfg = Debug|Win32
		{EDBACF8B-BBA9-494E-9C1C-1E2B3E2E5A53}.Debug|x86.Build.0 = Debug|Win32
		{EDBACF8B-BBA9-494E-9C1C-1E2B3E2E5A53}.Release|x64.ActiveCfg = Release|x64
		{EDBACF8B-BBA9-494E-9C1C-1E2B3E2E5A53}.Release|x64.Build.0 = Release|x64
		{EDBACF8B-BBA9-494E-9C1C-1E2B3E2E5A53}.Release|x86.ActiveCfg = Release|Win32
		{EDBACF8B-BBA9-494E-9C1C-1E2B3E2E5A53}.Release|x86.Build.0 = Release|Win32
		{05248EF1-D069-4121-83A7-9185707DE6D6}.Debug|x64.ActiveCfg = Debug|x64
		{05248EF1-D069-4121-83A7-9185707DE6D6}.Debug|x64.Build.0 = Debug|x64
		{05248EF1-D069-4121-83A7-9185707DE6D6}.Debug|x86.ActiveCfg = Debug|Win32
		{05248EF1-D069-4121-83A7-9185707DE6D6}.Debug|x86.Build.0 = Debug|Win32
		{05248EF1-D069-4121-83A7-9185707DE6D6}.Release|x64.ActiveCfg = Release|x64
		{05248EF1-D069-4121-83A7-9185707DE6D6}.Release|x64.Build.0 = Release|x64
		{05248EF1-D069-4121-83A7-9185707DE6D6}.Release|x86.ActiveCfg = Release|Win32
		{05248EF1-D069-4121-83A7-9185707DE6D6}.Release|x86.Build.0 = Release|Win32
		{D9F71C11-7DEC-4BF4-8689-D485D5FB4D9B}.Debug|x64.ActiveCfg = Debug|x64
		{D9F71C11-7DEC-4BF4-8689-D485D5FB4D9B}.Debug|x64.Build.0 = Debug|x64
		{D9F71C11-7DEC-4BF4-8689-D485D5FB4D9B}.Debug|x86.ActiveCfg = Debug|Win32
		{D9F71C11-7DEC-4BF4-8689-D485D5FB4D9B}.Debug|x86.Build.0 = Debug|Win32
		{D9F71C11-7DEC-4BF4-8689-D485D5FB4D9B}.Release|x64.ActiveCfg = Release|x64
		{D9F71C11-7DEC-4BF4-8689-D485D5FB4D9B}.Release|x64.Build.0 = Release|x64
		{D9F71C11-7DEC-4BF4-8689-D485D5FB4D9B}.Release|x86.ActiveCfg = Release|Win32
		{D9F71C11-7DEC-4BF4-8689-D485D5FB4D9B}.Release|x86.Build.0 = Release|Win32
		{97B03488-845F-4DA3-A84B-A0E81AC96A18}.Debug|x64.ActiveCfg = Debug|x64
		{97B03488-845F-4DA3-A84B-A0E81AC96A18}.Debug|x64.Build.0 = Debug|x64
		{97B03488-845F-4DA3-A84B-A0E81AC96A18}.Debug|x86.ActiveCfg = Debug|Win32
		{97B03488-845F-4DA3-A84B-A0E81AC96A18}.Debug|x86.Build.0 = Debug|Win32
		{97B03488-845F-4DA3-A84B-A0E81AC96A18}.Release|x64.ActiveCfg = Release|x64
		{97B03488-845F-4DA3-A84B-A0E81AC96A18}.Release|x64.Build.0 = Release|x64
		{97B03488-845F-4DA3-A84B-A0E81AC96A18}.Release|x86.ActiveCfg = Release|Win32
		{97B03488-845F-4DA3-A84B-A0E81AC96A18}.Release|x86.Build.0 = Release|Win32
		{1C121686-BE24-443E-8642-E54F059CE69F}.Debug|x64.ActiveCfg = Debug|x64
		{1C121686-BE24-443E-8642-E54F059CE69F}.Debug|x64.Build.0 = Debug|x64
		{1C121686-BE24-443E-8642-E54F059CE69F}.Debug|x86.ActiveCfg = Debug|Win32
		{1C121686-BE24-443E-8642-E54F059CE69F}.Debug|x86.Build.0 = Debug|Win32
		{1C121686-BE24-443E-8642-E54F059CE69F}.Release|x64.ActiveCfg = Release|x64
		{1C121686-BE24-443E-8642-E54F059CE69F}.Release|x64.Build.0 = Release|x64
		{1C121686-BE24-443E-8642-E54F059CE69F}.Release|x86.ActiveCfg = Release|Win32
		{1C121686-BE24-443E-8642-E54F059CE69F}.Release|x86.Build.0 = Release|Win32
<<<<<<< HEAD
		{F5C3F4BD-17A7-432A-9375-2639ABB46A4C}.Debug|x64.ActiveCfg = Debug|x64
		{F5C3F4BD-17A7-432A-9375-2639ABB46A4C}.Debug|x64.Build.0 = Debug|x64
		{F5C3F4BD-17A7-432A-9375-2639ABB46A4C}.Debug|x86.ActiveCfg = Debug|Win32
		{F5C3F4BD-17A7-432A-9375-2639ABB46A4C}.Debug|x86.Build.0 = Debug|Win32
		{F5C3F4BD-17A7-432A-9375-2639ABB46A4C}.Release|x64.ActiveCfg = Release|x64
		{F5C3F4BD-17A7-432A-9375-2639ABB46A4C}.Release|x64.Build.0 = Release|x64
		{F5C3F4BD-17A7-432A-9375-2639ABB46A4C}.Release|x86.ActiveCfg = Release|Win32
		{F5C3F4BD-17A7-432A-9375-2639ABB46A4C}.Release|x86.Build.0 = Release|Win32
		{BB753C53-D175-42E0-B6F5-228BE8028F44}.Debug|x64.ActiveCfg = Debug|x64
		{BB753C53-D175-42E0-B6F5-228BE8028F44}.Debug|x64.Build.0 = Debug|x64
		{BB753C53-D175-42E0-B6F5-228BE8028F44}.Debug|x86.ActiveCfg = Debug|Win32
		{BB753C53-D175-42E0-B6F5-228BE8028F44}.Debug|x86.Build.0 = Debug|Win32
		{BB753C53-D175-42E0-B6F5-228BE8028F44}.Release|x64.ActiveCfg = Release|x64
		{BB753C53-D175-42E0-B6F5-228BE8028F44}.Release|x64.Build.0 = Release|x64
		{BB753C53-D175-42E0-B6F5-228BE8028F44}.Release|x86.ActiveCfg = Release|Win32
		{BB753C53-D175-42E0-B6F5-228BE8028F44}.Release|x86.Build.0 = Release|Win32
		{84ADD42B-4D38-4279-A2F1-A6ADBFACB22A}.Debug|x64.ActiveCfg = Debug|x64
		{84ADD42B-4D38-4279-A2F1-A6ADBFACB22A}.Debug|x64.Build.0 = Debug|x64
		{84ADD42B-4D38-4279-A2F1-A6ADBFACB22A}.Debug|x86.ActiveCfg = Debug|Win32
		{84ADD42B-4D38-4279-A2F1-A6ADBFACB22A}.Debug|x86.Build.0 = Debug|Win32
		{84ADD42B-4D38-4279-A2F1-A6ADBFACB22A}.Release|x64.ActiveCfg = Release|x64
		{84ADD42B-4D38-4279-A2F1-A6ADBFACB22A}.Release|x64.Build.0 = Release|x64
		{84ADD42B-4D38-4279-A2F1-A6ADBFACB22A}.Release|x86.ActiveCfg = Release|Win32
		{84ADD42B-4D38-4279-A2F1-A6ADBFACB22A}.Release|x86.Build.0 = Release|Win32
		{45263772-4EE1-4E2D-97D6-DCAF732D8C91}.Debug|x64.ActiveCfg = Debug|x64
		{45263772-4EE1-4E2D-97D6-DCAF732D8C91}.Debug|x64.Build.0 = Debug|x64
		{45263772-4EE1-4E2D-97D6-DCAF732D8C91}.Debug|x86.ActiveCfg = Debug|Win32
		{45263772-4EE1-4E2D-97D6-DCAF732D8C91}.Debug|x86.Build.0 = Debug|Win32
		{45263772-4EE1-4E2D-97D6-DCAF732D8C91}.Release|x64.ActiveCfg = Release|x64
		{45263772-4EE1-4E2D-97D6-DCAF732D8C91}.Release|x64.Build.0 = Release|x64
		{45263772-4EE1-4E2D-97D6-DCAF732D8C91}.Release|x86.ActiveCfg = Release|Win32
		{45263772-4EE1-4E2D-97D6-DCAF732D8C91}.Release|x86.Build.0 = Release|Win32
		{3B613A76-7EB2-45B1-8C76-C4CE4AF840FB}.Debug|x64.ActiveCfg = Debug|x64
		{3B613A76-7EB2-45B1-8C76-C4CE4AF840FB}.Debug|x64.Build.0 = Debug|x64
		{3B613A76-7EB2-45B1-8C76-C4CE4AF840FB}.Debug|x86.ActiveCfg = Debug|Win32
		{3B613A76-7EB2-45B1-8C76-C4CE4AF840FB}.Debug|x86.Build.0 = Debug|Win32
		{3B613A76-7EB2-45B1-8C76-C4CE4AF840FB}.Release|x64.ActiveCfg = Release|x64
		{3B613A76-7EB2-45B1-8C76-C4CE4AF840FB}.Release|x64.Build.0 = Release|x64
		{3B613A76-7EB2-45B1-8C76-C4CE4AF840FB}.Release|x86.ActiveCfg = Release|Win32
		{3B613A76-7EB2-45B1-8C76-C4CE4AF840FB}.Release|x86.Build.0 = Release|Win32
		{4C6B8925-9D2A-4B38-A2F6-E20259DE6CDC}.Debug|x64.ActiveCfg = Debug|x64
		{4C6B8925-9D2A-4B38-A2F6-E20259DE6CDC}.Debug|x64.Build.0 = Debug|x64
		{4C6B8925-9D2A-4B38-A2F6-E20259DE6CDC}.Debug|x86.ActiveCfg = Debug|Win32
		{4C6B8925-9D2A-4B38-A2F6-E20259DE6CDC}.Debug|x86.Build.0 = Debug|Win32
		{4C6B8925-9D2A-4B38-A2F6-E20259DE6CDC}.Release|x64.ActiveCfg = Release|x64
		{4C6B8925-9D2A-4B38-A2F6-E20259DE6CDC}.Release|x64.Build.0 = Release|x64
		{4C6B8925-9D2A-4B38-A2F6-E20259DE6CDC}.Release|x86.ActiveCfg = Release|Win32
		{4C6B8925-9D2A-4B38-A2F6-E20259DE6CDC}.Release|x86.Build.0 = Release|Win32
		{28A11EA8-5488-41BB-B1A4-FD06A8E8B969}.Debug|x64.ActiveCfg = Debug|x64
		{28A11EA8-5488-41BB-B1A4-FD06A8E8B969}.Debug|x64.Build.0 = Debug|x64
		{28A11EA8-5488-41BB-B1A4-FD06A8E8B969}.Debug|x86.ActiveCfg = Debug|Win32
		{28A11EA8-5488-41BB-B1A4-FD06A8E8B969}.Debug|x86.Build.0 = Debug|Win32
		{28A11EA8-5488-41BB-B1A4-FD06A8E8B969}.Release|x64.ActiveCfg = Release|x64
		{28A11EA8-5488-41BB-B1A4-FD06A8E8B969}.Release|x64.Build.0 = Release|x64
		{28A11EA8-5488-41BB-B1A4-FD06A8E8B969}.Release|x86.ActiveCfg = Release|Win32
		{28A11EA8-5488-41BB-B1A4-FD06A8E8B969}.Release|x86.Build.0 = Release|Win32
		{2E835856-23B7-4DBE-8BB6-1C6353D86672}.Debug|x64.ActiveCfg = Debug|x64
		{2E835856-23B7-4DBE-8BB6-1C6353D86672}.Debug|x64.Build.0 = Debug|x64
		{2E835856-23B7-4DBE-8BB6-1C6353D86672}.Debug|x86.ActiveCfg = Debug|Win32
		{2E835856-23B7-4DBE-8BB6-1C6353D86672}.Debug|x86.Build.0 = Debug|Win32
		{2E835856-23B7-4DBE-8BB6-1C6353D86672}.Release|x64.ActiveCfg = Release|x64
		{2E835856-23B7-4DBE-8BB6-1C6353D86672}.Release|x64.Build.0 = Release|x64
		{2E835856-23B7-4DBE-8BB6-1C6353D86672}.Release|x86.ActiveCfg = Release|Win32
		{2E835856-23B7-4DBE-8BB6-1C6353D86672}.Release|x86.Build.0 = Release|Win32
		{7D9E8367-08CC-4FA3-B224-124AB560EB9F}.Debug|x64.ActiveCfg = Debug|x64
		{7D9E8367-08CC-4FA3-B224-124AB560EB9F}.Debug|x64.Build.0 = Debug|x64
		{7D9E8367-08CC-4FA3-B224-124AB560EB9F}.Debug|x86.ActiveCfg = Debug|Win32
		{7D9E8367-08CC-4FA3-B224-124AB560EB9F}.Debug|x86.Build.0 = Debug|Win32
		{7D9E8367-08CC-4FA3-B224-124AB560EB9F}.Release|x64.ActiveCfg = Release|x64
		{7D9E8367-08CC-4FA3-B224-124AB560EB9F}.Release|x64.Build.0 = Release|x64
		{7D9E8367-08CC-4FA3-B224-124AB560EB9F}.Release|x86.ActiveCfg = Release|Win32
		{7D9E8367-08CC-4FA3-B224-124AB560EB9F}.Release|x86.Build.0 = Release|Win32
		{B8993011-9E30-4D01-A134-E6929C263C54}.Debug|x64.ActiveCfg = Debug|x64
		{B8993011-9E30-4D01-A134-E6929C263C54}.Debug|x64.Build.0 = Debug|x64
		{B8993011-9E30-4D01-A134-E6929C263C54}.Debug|x86.ActiveCfg = Debug|Win32
		{B8993011-9E30-4D01-A134-E6929C263C54}.Debug|x86.Build.0 = Debug|Win32
		{B8993011-9E30-4D01-A134-E6929C263C54}.Release|x64.ActiveCfg = Release|x64
		{B8993011-9E30-4D01-A134-E6929C263C54}.Release|x64.Build.0 = Release|x64
		{B8993011-9E30-4D01-A134-E6929C263C54}.Release|x86.ActiveCfg = Release|Win32
		{B8993011-9E30-4D01-A134-E6929C263C54}.Release|x86.Build.0 = Release|Win32
		{E18D9EF4-E40C-41DE-8887-D992BBAB2E15}.Debug|x64.ActiveCfg = Debug|x64
		{E18D9EF4-E40C-41DE-8887-D992BBAB2E15}.Debug|x64.Build.0 = Debug|x64
		{E18D9EF4-E40C-41DE-8887-D992BBAB2E15}.Debug|x86.ActiveCfg = Debug|Win32
		{E18D9EF4-E40C-41DE-8887-D992BBAB2E15}.Debug|x86.Build.0 = Debug|Win32
		{E18D9EF4-E40C-41DE-8887-D992BBAB2E15}.Release|x64.ActiveCfg = Release|x64
		{E18D9EF4-E40C-41DE-8887-D992BBAB2E15}.Release|x64.Build.0 = Release|x64
		{E18D9EF4-E40C-41DE-8887-D992BBAB2E15}.Release|x86.ActiveCfg = Release|Win32
		{E18D9EF4-E40C-41DE-8887-D992BBAB2E15}.Release|x86.Build.0 = Release|Win32
		{FE2D3F24-E19D-4D5E-8BCE-2A4766BA5AA3}.Debug|x64.ActiveCfg = Debug|x64
		{FE2D3F24-E19D-4D5E-8BCE-2A4766BA5AA3}.Debug|x64.Build.0 = Debug|x64
		{FE2D3F24-E19D-4D5E-8BCE-2A4766BA5AA3}.Debug|x86.ActiveCfg = Debug|Win32
		{FE2D3F24-E19D-4D5E-8BCE-2A4766BA5AA3}.Debug|x86.Build.0 = Debug|Win32
		{FE2D3F24-E19D-4D5E-8BCE-2A4766BA5AA3}.Release|x64.ActiveCfg = Release|x64
		{FE2D3F24-E19D-4D5E-8BCE-2A4766BA5AA3}.Release|x64.Build.0 = Release|x64
		{FE2D3F24-E19D-4D5E-8BCE-2A4766BA5AA3}.Release|x86.ActiveCfg = Release|Win32
		{FE2D3F24-E19D-4D5E-8BCE-2A4766BA5AA3}.Release|x86.Build.0 = Release|Win32
		{D7AD94E7-9D90-4DD1-8A00-A39396A1A74D}.Debug|x64.ActiveCfg = Debug|x64
		{D7AD94E7-9D90-4DD1-8A00-A39396A1A74D}.Debug|x64.Build.0 = Debug|x64
		{D7AD94E7-9D90-4DD1-8A00-A39396A1A74D}.Debug|x86.ActiveCfg = Debug|Win32
		{D7AD94E7-9D90-4DD1-8A00-A39396A1A74D}.Debug|x86.Build.0 = Debug|Win32
		{D7AD94E7-9D90-4DD1-8A00-A39396A1A74D}.Release|x64.ActiveCfg = Release|x64
		{D7AD94E7-9D90-4DD1-8A00-A39396A1A74D}.Release|x64.Build.0 = Release|x64
		{D7AD94E7-9D90-4DD1-8A00-A39396A1A74D}.Release|x86.ActiveCfg = Release|Win32
		{D7AD94E7-9D90-4DD1-8A00-A39396A1A74D}.Release|x86.Build.0 = Release|Win32
		{AE66AEE4-4E03-4EC3-9E3B-9F3DFE8B3C2B}.Debug|x64.ActiveCfg = Debug|x64
		{AE66AEE4-4E03-4EC3-9E3B-9F3DFE8B3C2B}.Debug|x64.Build.0 = Debug|x64
		{AE66AEE4-4E03-4EC3-9E3B-9F3DFE8B3C2B}.Debug|x86.ActiveCfg = Debug|Win32
		{AE66AEE4-4E03-4EC3-9E3B-9F3DFE8B3C2B}.Debug|x86.Build.0 = Debug|Win32
		{AE66AEE4-4E03-4EC3-9E3B-9F3DFE8B3C2B}.Release|x64.ActiveCfg = Release|x64
		{AE66AEE4-4E03-4EC3-9E3B-9F3DFE8B3C2B}.Release|x64.Build.0 = Release|x64
		{AE66AEE4-4E03-4EC3-9E3B-9F3DFE8B3C2B}.Release|x86.ActiveCfg = Release|Win32
		{AE66AEE4-4E03-4EC3-9E3B-9F3DFE8B3C2B}.Release|x86.Build.0 = Release|Win32
		{06AA430C-49E3-4BCC-9906-DE0C4B27EAEE}.Debug|x64.ActiveCfg = Debug|x64
		{06AA430C-49E3-4BCC-9906-DE0C4B27EAEE}.Debug|x64.Build.0 = Debug|x64
		{06AA430C-49E3-4BCC-9906-DE0C4B27EAEE}.Debug|x86.ActiveCfg = Debug|Win32
		{06AA430C-49E3-4BCC-9906-DE0C4B27EAEE}.Debug|x86.Build.0 = Debug|Win32
		{06AA430C-49E3-4BCC-9906-DE0C4B27EAEE}.Release|x64.ActiveCfg = Release|x64
		{06AA430C-49E3-4BCC-9906-DE0C4B27EAEE}.Release|x64.Build.0 = Release|x64
		{06AA430C-49E3-4BCC-9906-DE0C4B27EAEE}.Release|x86.ActiveCfg = Release|Win32
		{06AA430C-49E3-4BCC-9906-DE0C4B27EAEE}.Release|x86.Build.0 = Release|Win32
		{1C9FE184-2BDA-4E61-A84E-AF69C50531AD}.Debug|x64.ActiveCfg = Debug|x64
		{1C9FE184-2BDA-4E61-A84E-AF69C50531AD}.Debug|x64.Build.0 = Debug|x64
		{1C9FE184-2BDA-4E61-A84E-AF69C50531AD}.Debug|x86.ActiveCfg = Debug|Win32
		{1C9FE184-2BDA-4E61-A84E-AF69C50531AD}.Debug|x86.Build.0 = Debug|Win32
		{1C9FE184-2BDA-4E61-A84E-AF69C50531AD}.Release|x64.ActiveCfg = Release|x64
		{1C9FE184-2BDA-4E61-A84E-AF69C50531AD}.Release|x64.Build.0 = Release|x64
		{1C9FE184-2BDA-4E61-A84E-AF69C50531AD}.Release|x86.ActiveCfg = Release|Win32
		{1C9FE184-2BDA-4E61-A84E-AF69C50531AD}.Release|x86.Build.0 = Release|Win32
		{A15F2CDA-D5E4-4802-8BE1-0CA1CE5F7ED0}.Debug|x64.ActiveCfg = Debug|x64
		{A15F2CDA-D5E4-4802-8BE1-0CA1CE5F7ED0}.Debug|x64.Build.0 = Debug|x64
		{A15F2CDA-D5E4-4802-8BE1-0CA1CE5F7ED0}.Debug|x86.ActiveCfg = Debug|Win32
		{A15F2CDA-D5E4-4802-8BE1-0CA1CE5F7ED0}.Debug|x86.Build.0 = Debug|Win32
		{A15F2CDA-D5E4-4802-8BE1-0CA1CE5F7ED0}.Release|x64.ActiveCfg = Release|x64
		{A15F2CDA-D5E4-4802-8BE1-0CA1CE5F7ED0}.Release|x64.Build.0 = Release|x64
		{A15F2CDA-D5E4-4802-8BE1-0CA1CE5F7ED0}.Release|x86.ActiveCfg = Release|Win32
		{A15F2CDA-D5E4-4802-8BE1-0CA1CE5F7ED0}.Release|x86.Build.0 = Release|Win32
		{38FDE220-A6FA-4548-B58F-CC4408CB84FA}.Debug|x64.ActiveCfg = Debug|x64
		{38FDE220-A6FA-4548-B58F-CC4408CB84FA}.Debug|x64.Build.0 = Debug|x64
		{38FDE220-A6FA-4548-B58F-CC4408CB84FA}.Debug|x86.ActiveCfg = Debug|Win32
		{38FDE220-A6FA-4548-B58F-CC4408CB84FA}.Debug|x86.Build.0 = Debug|Win32
		{38FDE220-A6FA-4548-B58F-CC4408CB84FA}.Release|x64.ActiveCfg = Release|x64
		{38FDE220-A6FA-4548-B58F-CC4408CB84FA}.Release|x64.Build.0 = Release|x64
		{38FDE220-A6FA-4548-B58F-CC4408CB84FA}.Release|x86.ActiveCfg = Release|Win32
		{38FDE220-A6FA-4548-B58F-CC4408CB84FA}.Release|x86.Build.0 = Release|Win32
		{3D36B1B1-C3F5-415F-8A58-073956A16389}.Debug|x64.ActiveCfg = Debug|x64
		{3D36B1B1-C3F5-415F-8A58-073956A16389}.Debug|x64.Build.0 = Debug|x64
		{3D36B1B1-C3F5-415F-8A58-073956A16389}.Debug|x86.ActiveCfg = Debug|Win32
		{3D36B1B1-C3F5-415F-8A58-073956A16389}.Debug|x86.Build.0 = Debug|Win32
		{3D36B1B1-C3F5-415F-8A58-073956A16389}.Release|x64.ActiveCfg = Release|x64
		{3D36B1B1-C3F5-415F-8A58-073956A16389}.Release|x64.Build.0 = Release|x64
		{3D36B1B1-C3F5-415F-8A58-073956A16389}.Release|x86.ActiveCfg = Release|Win32
		{3D36B1B1-C3F5-415F-8A58-073956A16389}.Release|x86.Build.0 = Release|Win32
		{32EF2E88-006A-4024-8350-F4D9D8AAED59}.Debug|x64.ActiveCfg = Debug|x64
		{32EF2E88-006A-4024-8350-F4D9D8AAED59}.Debug|x64.Build.0 = Debug|x64
		{32EF2E88-006A-4024-8350-F4D9D8AAED59}.Debug|x86.ActiveCfg = Debug|Win32
		{32EF2E88-006A-4024-8350-F4D9D8AAED59}.Debug|x86.Build.0 = Debug|Win32
		{32EF2E88-006A-4024-8350-F4D9D8AAED59}.Release|x64.ActiveCfg = Release|x64
		{32EF2E88-006A-4024-8350-F4D9D8AAED59}.Release|x64.Build.0 = Release|x64
		{32EF2E88-006A-4024-8350-F4D9D8AAED59}.Release|x86.ActiveCfg = Release|Win32
		{32EF2E88-006A-4024-8350-F4D9D8AAED59}.Release|x86.Build.0 = Release|Win32
		{FB77D90A-A260-4F14-B5BF-5724D933DDEB}.Debug|x64.ActiveCfg = Debug|x64
		{FB77D90A-A260-4F14-B5BF-5724D933DDEB}.Debug|x64.Build.0 = Debug|x64
		{FB77D90A-A260-4F14-B5BF-5724D933DDEB}.Debug|x86.ActiveCfg = Debug|Win32
		{FB77D90A-A260-4F14-B5BF-5724D933DDEB}.Debug|x86.Build.0 = Debug|Win32
		{FB77D90A-A260-4F14-B5BF-5724D933DDEB}.Release|x64.ActiveCfg = Release|x64
		{FB77D90A-A260-4F14-B5BF-5724D933DDEB}.Release|x64.Build.0 = Release|x64
		{FB77D90A-A260-4F14-B5BF-5724D933DDEB}.Release|x86.ActiveCfg = Release|Win32
		{FB77D90A-A260-4F14-B5BF-5724D933DDEB}.Release|x86.Build.0 = Release|Win32
		{DBBB91F1-A8E4-4420-AA5F-AD097A3B9397}.Debug|x64.ActiveCfg = Debug|x64
		{DBBB91F1-A8E4-4420-AA5F-AD097A3B9397}.Debug|x64.Build.0 = Debug|x64
		{DBBB91F1-A8E4-4420-AA5F-AD097A3B9397}.Debug|x86.ActiveCfg = Debug|Win32
		{DBBB91F1-A8E4-4420-AA5F-AD097A3B9397}.Debug|x86.Build.0 = Debug|Win32
		{DBBB91F1-A8E4-4420-AA5F-AD097A3B9397}.Release|x64.ActiveCfg = Release|x64
		{DBBB91F1-A8E4-4420-AA5F-AD097A3B9397}.Release|x64.Build.0 = Release|x64
		{DBBB91F1-A8E4-4420-AA5F-AD097A3B9397}.Release|x86.ActiveCfg = Release|Win32
		{DBBB91F1-A8E4-4420-AA5F-AD097A3B9397}.Release|x86.Build.0 = Release|Win32
		{FB0EFDB0-810B-4C9C-9B87-90A76A92A6FB}.Debug|x64.ActiveCfg = Debug|x64
		{FB0EFDB0-810B-4C9C-9B87-90A76A92A6FB}.Debug|x64.Build.0 = Debug|x64
		{FB0EFDB0-810B-4C9C-9B87-90A76A92A6FB}.Debug|x86.ActiveCfg = Debug|Win32
		{FB0EFDB0-810B-4C9C-9B87-90A76A92A6FB}.Debug|x86.Build.0 = Debug|Win32
		{FB0EFDB0-810B-4C9C-9B87-90A76A92A6FB}.Release|x64.ActiveCfg = Release|x64
		{FB0EFDB0-810B-4C9C-9B87-90A76A92A6FB}.Release|x64.Build.0 = Release|x64
		{FB0EFDB0-810B-4C9C-9B87-90A76A92A6FB}.Release|x86.ActiveCfg = Release|Win32
		{FB0EFDB0-810B-4C9C-9B87-90A76A92A6FB}.Release|x86.Build.0 = Release|Win32
		{5FF37201-CB62-4FC5-80C5-96B04E3EF17E}.Debug|x64.ActiveCfg = Debug|x64
		{5FF37201-CB62-4FC5-80C5-96B04E3EF17E}.Debug|x64.Build.0 = Debug|x64
		{5FF37201-CB62-4FC5-80C5-96B04E3EF17E}.Debug|x86.ActiveCfg = Debug|Win32
		{5FF37201-CB62-4FC5-80C5-96B04E3EF17E}.Debug|x86.Build.0 = Debug|Win32
		{5FF37201-CB62-4FC5-80C5-96B04E3EF17E}.Release|x64.ActiveCfg = Release|x64
		{5FF37201-CB62-4FC5-80C5-96B04E3EF17E}.Release|x64.Build.0 = Release|x64
		{5FF37201-CB62-4FC5-80C5-96B04E3EF17E}.Release|x86.ActiveCfg = Release|Win32
		{5FF37201-CB62-4FC5-80C5-96B04E3EF17E}.Release|x86.Build.0 = Release|Win32
		{1B3762CC-FA47-4DCC-84EF-1A27BBB5F356}.Debug|x64.ActiveCfg = Debug|x64
		{1B3762CC-FA47-4DCC-84EF-1A27BBB5F356}.Debug|x64.Build.0 = Debug|x64
		{1B3762CC-FA47-4DCC-84EF-1A27BBB5F356}.Debug|x86.ActiveCfg = Debug|Win32
		{1B3762CC-FA47-4DCC-84EF-1A27BBB5F356}.Debug|x86.Build.0 = Debug|Win32
		{1B3762CC-FA47-4DCC-84EF-1A27BBB5F356}.Release|x64.ActiveCfg = Release|x64
		{1B3762CC-FA47-4DCC-84EF-1A27BBB5F356}.Release|x64.Build.0 = Release|x64
		{1B3762CC-FA47-4DCC-84EF-1A27BBB5F356}.Release|x86.ActiveCfg = Release|Win32
		{1B3762CC-FA47-4DCC-84EF-1A27BBB5F356}.Release|x86.Build.0 = Release|Win32
		{82ACE539-3E12-4ABF-83A3-B1AE154E3005}.Debug|x64.ActiveCfg = Debug|x64
		{82ACE539-3E12-4ABF-83A3-B1AE154E3005}.Debug|x64.Build.0 = Debug|x64
		{82ACE539-3E12-4ABF-83A3-B1AE154E3005}.Debug|x86.ActiveCfg = Debug|Win32
		{82ACE539-3E12-4ABF-83A3-B1AE154E3005}.Debug|x86.Build.0 = Debug|Win32
		{82ACE539-3E12-4ABF-83A3-B1AE154E3005}.Release|x64.ActiveCfg = Release|x64
		{82ACE539-3E12-4ABF-83A3-B1AE154E3005}.Release|x64.Build.0 = Release|x64
		{82ACE539-3E12-4ABF-83A3-B1AE154E3005}.Release|x86.ActiveCfg = Release|Win32
		{82ACE539-3E12-4ABF-83A3-B1AE154E3005}.Release|x86.Build.0 = Release|Win32
		{D4A31830-DBE2-41B0-8421-A60FA1E2C021}.Debug|x64.ActiveCfg = Debug|x64
		{D4A31830-DBE2-41B0-8421-A60FA1E2C021}.Debug|x64.Build.0 = Debug|x64
		{D4A31830-DBE2-41B0-8421-A60FA1E2C021}.Debug|x86.ActiveCfg = Debug|Win32
		{D4A31830-DBE2-41B0-8421-A60FA1E2C021}.Debug|x86.Build.0 = Debug|Win32
		{D4A31830-DBE2-41B0-8421-A60FA1E2C021}.Release|x64.ActiveCfg = Release|x64
		{D4A31830-DBE2-41B0-8421-A60FA1E2C021}.Release|x64.Build.0 = Release|x64
		{D4A31830-DBE2-41B0-8421-A60FA1E2C021}.Release|x86.ActiveCfg = Release|Win32
		{D4A31830-DBE2-41B0-8421-A60FA1E2C021}.Release|x86.Build.0 = Release|Win32
		{D221AAB0-74BE-468D-BD8B-DDB4CC704067}.Debug|x64.ActiveCfg = Debug|x64
		{D221AAB0-74BE-468D-BD8B-DDB4CC704067}.Debug|x64.Build.0 = Debug|x64
		{D221AAB0-74BE-468D-BD8B-DDB4CC704067}.Debug|x86.ActiveCfg = Debug|Win32
		{D221AAB0-74BE-468D-BD8B-DDB4CC704067}.Debug|x86.Build.0 = Debug|Win32
		{D221AAB0-74BE-468D-BD8B-DDB4CC704067}.Release|x64.ActiveCfg = Release|x64
		{D221AAB0-74BE-468D-BD8B-DDB4CC704067}.Release|x64.Build.0 = Release|x64
		{D221AAB0-74BE-468D-BD8B-DDB4CC704067}.Release|x86.ActiveCfg = Release|Win32
		{D221AAB0-74BE-468D-BD8B-DDB4CC704067}.Release|x86.Build.0 = Release|Win32
		{223E55DF-0DE1-4BB1-9A30-135A58C10B31}.Debug|x64.ActiveCfg = Debug|x64
		{223E55DF-0DE1-4BB1-9A30-135A58C10B31}.Debug|x64.Build.0 = Debug|x64
		{223E55DF-0DE1-4BB1-9A30-135A58C10B31}.Debug|x86.ActiveCfg = Debug|Win32
		{223E55DF-0DE1-4BB1-9A30-135A58C10B31}.Debug|x86.Build.0 = Debug|Win32
		{223E55DF-0DE1-4BB1-9A30-135A58C10B31}.Release|x64.ActiveCfg = Release|x64
		{223E55DF-0DE1-4BB1-9A30-135A58C10B31}.Release|x64.Build.0 = Release|x64
		{223E55DF-0DE1-4BB1-9A30-135A58C10B31}.Release|x86.ActiveCfg = Release|Win32
		{223E55DF-0DE1-4BB1-9A30-135A58C10B31}.Release|x86.Build.0 = Release|Win32
		{394A9FF2-A0CA-46B8-8063-8A4D8758D043}.Debug|x64.ActiveCfg = Debug|x64
		{394A9FF2-A0CA-46B8-8063-8A4D8758D043}.Debug|x64.Build.0 = Debug|x64
		{394A9FF2-A0CA-46B8-8063-8A4D8758D043}.Debug|x86.ActiveCfg = Debug|Win32
		{394A9FF2-A0CA-46B8-8063-8A4D8758D043}.Debug|x86.Build.0 = Debug|Win32
		{394A9FF2-A0CA-46B8-8063-8A4D8758D043}.Release|x64.ActiveCfg = Release|x64
		{394A9FF2-A0CA-46B8-8063-8A4D8758D043}.Release|x64.Build.0 = Release|x64
		{394A9FF2-A0CA-46B8-8063-8A4D8758D043}.Release|x86.ActiveCfg = Release|Win32
		{394A9FF2-A0CA-46B8-8063-8A4D8758D043}.Release|x86.Build.0 = Release|Win32
		{DDF996B4-88C1-49B3-B871-6846D39625BB}.Debug|x64.ActiveCfg = Debug|x64
		{DDF996B4-88C1-49B3-B871-6846D39625BB}.Debug|x64.Build.0 = Debug|x64
		{DDF996B4-88C1-49B3-B871-6846D39625BB}.Debug|x86.ActiveCfg = Debug|Win32
		{DDF996B4-88C1-49B3-B871-6846D39625BB}.Debug|x86.Build.0 = Debug|Win32
		{DDF996B4-88C1-49B3-B871-6846D39625BB}.Release|x64.ActiveCfg = Release|x64
		{DDF996B4-88C1-49B3-B871-6846D39625BB}.Release|x64.Build.0 = Release|x64
		{DDF996B4-88C1-49B3-B871-6846D39625BB}.Release|x86.ActiveCfg = Release|Win32
		{DDF996B4-88C1-49B3-B871-6846D39625BB}.Release|x86.Build.0 = Release|Win32
		{38FFC417-CAD2-4440-9827-A5B5F926AB0A}.Debug|x64.ActiveCfg = Debug|x64
		{38FFC417-CAD2-4440-9827-A5B5F926AB0A}.Debug|x64.Build.0 = Debug|x64
		{38FFC417-CAD2-4440-9827-A5B5F926AB0A}.Debug|x86.ActiveCfg = Debug|Win32
		{38FFC417-CAD2-4440-9827-A5B5F926AB0A}.Debug|x86.Build.0 = Debug|Win32
		{38FFC417-CAD2-4440-9827-A5B5F926AB0A}.Release|x64.ActiveCfg = Release|x64
		{38FFC417-CAD2-4440-9827-A5B5F926AB0A}.Release|x64.Build.0 = Release|x64
		{38FFC417-CAD2-4440-9827-A5B5F926AB0A}.Release|x86.ActiveCfg = Release|Win32
		{38FFC417-CAD2-4440-9827-A5B5F926AB0A}.Release|x86.Build.0 = Release|Win32
		{63A47B75-4F0A-4FE9-B6CB-3B04498E1C16}.Debug|x64.ActiveCfg = Debug|x64
		{63A47B75-4F0A-4FE9-B6CB-3B04498E1C16}.Debug|x64.Build.0 = Debug|x64
		{63A47B75-4F0A-4FE9-B6CB-3B04498E1C16}.Debug|x86.ActiveCfg = Debug|Win32
		{63A47B75-4F0A-4FE9-B6CB-3B04498E1C16}.Debug|x86.Build.0 = Debug|Win32
		{63A47B75-4F0A-4FE9-B6CB-3B04498E1C16}.Release|x64.ActiveCfg = Release|x64
		{63A47B75-4F0A-4FE9-B6CB-3B04498E1C16}.Release|x64.Build.0 = Release|x64
		{63A47B75-4F0A-4FE9-B6CB-3B04498E1C16}.Release|x86.ActiveCfg = Release|Win32
		{63A47B75-4F0A-4FE9-B6CB-3B04498E1C16}.Release|x86.Build.0 = Release|Win32
		{5375CDDD-51EC-4300-982B-EF667BA61636}.Debug|x64.ActiveCfg = Debug|x64
		{5375CDDD-51EC-4300-982B-EF667BA61636}.Debug|x64.Build.0 = Debug|x64
		{5375CDDD-51EC-4300-982B-EF667BA61636}.Debug|x86.ActiveCfg = Debug|Win32
		{5375CDDD-51EC-4300-982B-EF667BA61636}.Debug|x86.Build.0 = Debug|Win32
		{5375CDDD-51EC-4300-982B-EF667BA61636}.Release|x64.ActiveCfg = Release|x64
		{5375CDDD-51EC-4300-982B-EF667BA61636}.Release|x64.Build.0 = Release|x64
		{5375CDDD-51EC-4300-982B-EF667BA61636}.Release|x86.ActiveCfg = Release|Win32
		{5375CDDD-51EC-4300-982B-EF667BA61636}.Release|x86.Build.0 = Release|Win32
		{20131E4D-A82B-4926-81C8-DED734AA445E}.Debug|x64.ActiveCfg = Debug|x64
		{20131E4D-A82B-4926-81C8-DED734AA445E}.Debug|x64.Build.0 = Debug|x64
		{20131E4D-A82B-4926-81C8-DED734AA445E}.Debug|x86.ActiveCfg = Debug|Win32
		{20131E4D-A82B-4926-81C8-DED734AA445E}.Debug|x86.Build.0 = Debug|Win32
		{20131E4D-A82B-4926-81C8-DED734AA445E}.Release|x64.ActiveCfg = Release|x64
		{20131E4D-A82B-4926-81C8-DED734AA445E}.Release|x64.Build.0 = Release|x64
		{20131E4D-A82B-4926-81C8-DED734AA445E}.Release|x86.ActiveCfg = Release|Win32
		{20131E4D-A82B-4926-81C8-DED734AA445E}.Release|x86.Build.0 = Release|Win32
		{1D37347E-FE73-4427-ACD0-9467CDB3AD04}.Debug|x64.ActiveCfg = Debug|x64
		{1D37347E-FE73-4427-ACD0-9467CDB3AD04}.Debug|x64.Build.0 = Debug|x64
		{1D37347E-FE73-4427-ACD0-9467CDB3AD04}.Debug|x86.ActiveCfg = Debug|Win32
		{1D37347E-FE73-4427-ACD0-9467CDB3AD04}.Debug|x86.Build.0 = Debug|Win32
		{1D37347E-FE73-4427-ACD0-9467CDB3AD04}.Release|x64.ActiveCfg = Release|x64
		{1D37347E-FE73-4427-ACD0-9467CDB3AD04}.Release|x64.Build.0 = Release|x64
		{1D37347E-FE73-4427-ACD0-9467CDB3AD04}.Release|x86.ActiveCfg = Release|Win32
		{1D37347E-FE73-4427-ACD0-9467CDB3AD04}.Release|x86.Build.0 = Release|Win32
		{8B7AE298-4327-40F0-B180-92975695D802}.Debug|x64.ActiveCfg = Debug|x64
		{8B7AE298-4327-40F0-B180-92975695D802}.Debug|x64.Build.0 = Debug|x64
		{8B7AE298-4327-40F0-B180-92975695D802}.Debug|x86.ActiveCfg = Debug|Win32
		{8B7AE298-4327-40F0-B180-92975695D802}.Debug|x86.Build.0 = Debug|Win32
		{8B7AE298-4327-40F0-B180-92975695D802}.Release|x64.ActiveCfg = Release|x64
		{8B7AE298-4327-40F0-B180-92975695D802}.Release|x64.Build.0 = Release|x64
		{8B7AE298-4327-40F0-B180-92975695D802}.Release|x86.ActiveCfg = Release|Win32
		{8B7AE298-4327-40F0-B180-92975695D802}.Release|x86.Build.0 = Release|Win32
		{675158D8-AE34-4E0A-959D-5D703EDFCDF4}.Debug|x64.ActiveCfg = Debug|x64
		{675158D8-AE34-4E0A-959D-5D703EDFCDF4}.Debug|x64.Build.0 = Debug|x64
		{675158D8-AE34-4E0A-959D-5D703EDFCDF4}.Debug|x86.ActiveCfg = Debug|Win32
		{675158D8-AE34-4E0A-959D-5D703EDFCDF4}.Debug|x86.Build.0 = Debug|Win32
		{675158D8-AE34-4E0A-959D-5D703EDFCDF4}.Release|x64.ActiveCfg = Release|x64
		{675158D8-AE34-4E0A-959D-5D703EDFCDF4}.Release|x64.Build.0 = Release|x64
		{675158D8-AE34-4E0A-959D-5D703EDFCDF4}.Release|x86.ActiveCfg = Release|Win32
		{675158D8-AE34-4E0A-959D-5D703EDFCDF4}.Release|x86.Build.0 = Release|Win32
		{B11323A9-3EC7-4358-9C08-C0A432E86FEC}.Debug|x64.ActiveCfg = Debug|x64
		{B11323A9-3EC7-4358-9C08-C0A432E86FEC}.Debug|x64.Build.0 = Debug|x64
		{B11323A9-3EC7-4358-9C08-C0A432E86FEC}.Debug|x86.ActiveCfg = Debug|Win32
		{B11323A9-3EC7-4358-9C08-C0A432E86FEC}.Debug|x86.Build.0 = Debug|Win32
		{B11323A9-3EC7-4358-9C08-C0A432E86FEC}.Release|x64.ActiveCfg = Release|x64
		{B11323A9-3EC7-4358-9C08-C0A432E86FEC}.Release|x64.Build.0 = Release|x64
		{B11323A9-3EC7-4358-9C08-C0A432E86FEC}.Release|x86.ActiveCfg = Release|Win32
		{B11323A9-3EC7-4358-9C08-C0A432E86FEC}.Release|x86.Build.0 = Release|Win32
		{A481FED5-DCE9-4260-9BF1-9B3E2E900D77}.Debug|x64.ActiveCfg = Debug|x64
		{A481FED5-DCE9-4260-9BF1-9B3E2E900D77}.Debug|x64.Build.0 = Debug|x64
		{A481FED5-DCE9-4260-9BF1-9B3E2E900D77}.Debug|x86.ActiveCfg = Debug|Win32
		{A481FED5-DCE9-4260-9BF1-9B3E2E900D77}.Debug|x86.Build.0 = Debug|Win32
		{A481FED5-DCE9-4260-9BF1-9B3E2E900D77}.Release|x64.ActiveCfg = Release|x64
		{A481FED5-DCE9-4260-9BF1-9B3E2E900D77}.Release|x64.Build.0 = Release|x64
		{A481FED5-DCE9-4260-9BF1-9B3E2E900D77}.Release|x86.ActiveCfg = Release|Win32
		{A481FED5-DCE9-4260-9BF1-9B3E2E900D77}.Release|x86.Build.0 = Release|Win32
		{6B46138B-9ABF-4D39-A310-80A532E15FC7}.Debug|x64.ActiveCfg = Debug|x64
		{6B46138B-9ABF-4D39-A310-80A532E15FC7}.Debug|x64.Build.0 = Debug|x64
		{6B46138B-9ABF-4D39-A310-80A532E15FC7}.Debug|x86.ActiveCfg = Debug|Win32
		{6B46138B-9ABF-4D39-A310-80A532E15FC7}.Debug|x86.Build.0 = Debug|Win32
		{6B46138B-9ABF-4D39-A310-80A532E15FC7}.Release|x64.ActiveCfg = Release|x64
		{6B46138B-9ABF-4D39-A310-80A532E15FC7}.Release|x64.Build.0 = Release|x64
		{6B46138B-9ABF-4D39-A310-80A532E15FC7}.Release|x86.ActiveCfg = Release|Win32
		{6B46138B-9ABF-4D39-A310-80A532E15FC7}.Release|x86.Build.0 = Release|Win32
		{717A88E0-E2DF-43CD-BD56-36843BFA2C04}.Debug|x64.ActiveCfg = Debug|x64
		{717A88E0-E2DF-43CD-BD56-36843BFA2C04}.Debug|x64.Build.0 = Debug|x64
		{717A88E0-E2DF-43CD-BD56-36843BFA2C04}.Debug|x86.ActiveCfg = Debug|Win32
		{717A88E0-E2DF-43CD-BD56-36843BFA2C04}.Debug|x86.Build.0 = Debug|Win32
		{717A88E0-E2DF-43CD-BD56-36843BFA2C04}.Release|x64.ActiveCfg = Release|x64
		{717A88E0-E2DF-43CD-BD56-36843BFA2C04}.Release|x64.Build.0 = Release|x64
		{717A88E0-E2DF-43CD-BD56-36843BFA2C04}.Release|x86.ActiveCfg = Release|Win32
		{717A88E0-E2DF-43CD-BD56-36843BFA2C04}.Release|x86.Build.0 = Release|Win32
		{5F2D92A1-CF55-4B79-87AE-E402B8124435}.Debug|x64.ActiveCfg = Debug|x64
		{5F2D92A1-CF55-4B79-87AE-E402B8124435}.Debug|x64.Build.0 = Debug|x64
		{5F2D92A1-CF55-4B79-87AE-E402B8124435}.Debug|x86.ActiveCfg = Debug|Win32
		{5F2D92A1-CF55-4B79-87AE-E402B8124435}.Debug|x86.Build.0 = Debug|Win32
		{5F2D92A1-CF55-4B79-87AE-E402B8124435}.Release|x64.ActiveCfg = Release|x64
		{5F2D92A1-CF55-4B79-87AE-E402B8124435}.Release|x64.Build.0 = Release|x64
		{5F2D92A1-CF55-4B79-87AE-E402B8124435}.Release|x86.ActiveCfg = Release|Win32
		{5F2D92A1-CF55-4B79-87AE-E402B8124435}.Release|x86.Build.0 = Release|Win32
		{DDB0B443-7396-4560-B471-BA604573932A}.Debug|x64.ActiveCfg = Debug|x64
		{DDB0B443-7396-4560-B471-BA604573932A}.Debug|x64.Build.0 = Debug|x64
		{DDB0B443-7396-4560-B471-BA604573932A}.Debug|x86.ActiveCfg = Debug|Win32
		{DDB0B443-7396-4560-B471-BA604573932A}.Debug|x86.Build.0 = Debug|Win32
		{DDB0B443-7396-4560-B471-BA604573932A}.Release|x64.ActiveCfg = Release|x64
		{DDB0B443-7396-4560-B471-BA604573932A}.Release|x64.Build.0 = Release|x64
		{DDB0B443-7396-4560-B471-BA604573932A}.Release|x86.ActiveCfg = Release|Win32
		{DDB0B443-7396-4560-B471-BA604573932A}.Release|x86.Build.0 = Release|Win32
		{5240B609-4C17-476C-82A4-2C480B863F1A}.Debug|x64.ActiveCfg = Debug|x64
		{5240B609-4C17-476C-82A4-2C480B863F1A}.Debug|x64.Build.0 = Debug|x64
		{5240B609-4C17-476C-82A4-2C480B863F1A}.Debug|x86.ActiveCfg = Debug|Win32
		{5240B609-4C17-476C-82A4-2C480B863F1A}.Debug|x86.Build.0 = Debug|Win32
		{5240B609-4C17-476C-82A4-2C480B863F1A}.Release|x64.ActiveCfg = Release|x64
		{5240B609-4C17-476C-82A4-2C480B863F1A}.Release|x64.Build.0 = Release|x64
		{5240B609-4C17-476C-82A4-2C480B863F1A}.Release|x86.ActiveCfg = Release|Win32
		{5240B609-4C17-476C-82A4-2C480B863F1A}.Release|x86.Build.0 = Release|Win32
		{84FB0ED4-84DD-440F-A8CD-77125D885114}.Debug|x64.ActiveCfg = Debug|x64
		{84FB0ED4-84DD-440F-A8CD-77125D885114}.Debug|x64.Build.0 = Debug|x64
		{84FB0ED4-84DD-440F-A8CD-77125D885114}.Debug|x86.ActiveCfg = Debug|Win32
		{84FB0ED4-84DD-440F-A8CD-77125D885114}.Debug|x86.Build.0 = Debug|Win32
		{84FB0ED4-84DD-440F-A8CD-77125D885114}.Release|x64.ActiveCfg = Release|x64
		{84FB0ED4-84DD-440F-A8CD-77125D885114}.Release|x64.Build.0 = Release|x64
		{84FB0ED4-84DD-440F-A8CD-77125D885114}.Release|x86.ActiveCfg = Release|Win32
		{84FB0ED4-84DD-440F-A8CD-77125D885114}.Release|x86.Build.0 = Release|Win32
		{95B82B74-919B-4B5E-AC4B-ECBFD7F5C69B}.Debug|x64.ActiveCfg = Debug|x64
		{95B82B74-919B-4B5E-AC4B-ECBFD7F5C69B}.Debug|x64.Build.0 = Debug|x64
		{95B82B74-919B-4B5E-AC4B-ECBFD7F5C69B}.Debug|x86.ActiveCfg = Debug|Win32
		{95B82B74-919B-4B5E-AC4B-ECBFD7F5C69B}.Debug|x86.Build.0 = Debug|Win32
		{95B82B74-919B-4B5E-AC4B-ECBFD7F5C69B}.Release|x64.ActiveCfg = Release|x64
		{95B82B74-919B-4B5E-AC4B-ECBFD7F5C69B}.Release|x64.Build.0 = Release|x64
		{95B82B74-919B-4B5E-AC4B-ECBFD7F5C69B}.Release|x86.ActiveCfg = Release|Win32
		{95B82B74-919B-4B5E-AC4B-ECBFD7F5C69B}.Release|x86.Build.0 = Release|Win32
		{12F1B9DE-589D-4912-9A72-D659E18C204F}.Debug|x64.ActiveCfg = Debug|x64
		{12F1B9DE-589D-4912-9A72-D659E18C204F}.Debug|x64.Build.0 = Debug|x64
		{12F1B9DE-589D-4912-9A72-D659E18C204F}.Debug|x86.ActiveCfg = Debug|Win32
		{12F1B9DE-589D-4912-9A72-D659E18C204F}.Debug|x86.Build.0 = Debug|Win32
		{12F1B9DE-589D-4912-9A72-D659E18C204F}.Release|x64.ActiveCfg = Release|x64
		{12F1B9DE-589D-4912-9A72-D659E18C204F}.Release|x64.Build.0 = Release|x64
		{12F1B9DE-589D-4912-9A72-D659E18C204F}.Release|x86.ActiveCfg = Release|Win32
		{12F1B9DE-589D-4912-9A72-D659E18C204F}.Release|x86.Build.0 = Release|Win32
		{4913113C-774C-4347-8031-B055636DD3A5}.Debug|x64.ActiveCfg = Debug|x64
		{4913113C-774C-4347-8031-B055636DD3A5}.Debug|x64.Build.0 = Debug|x64
		{4913113C-774C-4347-8031-B055636DD3A5}.Debug|x86.ActiveCfg = Debug|Win32
		{4913113C-774C-4347-8031-B055636DD3A5}.Debug|x86.Build.0 = Debug|Win32
		{4913113C-774C-4347-8031-B055636DD3A5}.Release|x64.ActiveCfg = Release|x64
		{4913113C-774C-4347-8031-B055636DD3A5}.Release|x64.Build.0 = Release|x64
		{4913113C-774C-4347-8031-B055636DD3A5}.Release|x86.ActiveCfg = Release|Win32
		{4913113C-774C-4347-8031-B055636DD3A5}.Release|x86.Build.0 = Release|Win32
		{E40A227B-766C-4FF3-B12E-C14219E4ED16}.Debug|x64.ActiveCfg = Debug|x64
		{E40A227B-766C-4FF3-B12E-C14219E4ED16}.Debug|x64.Build.0 = Debug|x64
		{E40A227B-766C-4FF3-B12E-C14219E4ED16}.Debug|x86.ActiveCfg = Debug|Win32
		{E40A227B-766C-4FF3-B12E-C14219E4ED16}.Debug|x86.Build.0 = Debug|Win32
		{E40A227B-766C-4FF3-B12E-C14219E4ED16}.Release|x64.ActiveCfg = Release|x64
		{E40A227B-766C-4FF3-B12E-C14219E4ED16}.Release|x64.Build.0 = Release|x64
		{E40A227B-766C-4FF3-B12E-C14219E4ED16}.Release|x86.ActiveCfg = Release|Win32
		{E40A227B-766C-4FF3-B12E-C14219E4ED16}.Release|x86.Build.0 = Release|Win32
		{11C77DA2-1CA8-4CFE-B395-30994E7A8DF9}.Debug|x64.ActiveCfg = Debug|x64
		{11C77DA2-1CA8-4CFE-B395-30994E7A8DF9}.Debug|x64.Build.0 = Debug|x64
		{11C77DA2-1CA8-4CFE-B395-30994E7A8DF9}.Debug|x86.ActiveCfg = Debug|Win32
		{11C77DA2-1CA8-4CFE-B395-30994E7A8DF9}.Debug|x86.Build.0 = Debug|Win32
		{11C77DA2-1CA8-4CFE-B395-30994E7A8DF9}.Release|x64.ActiveCfg = Release|x64
		{11C77DA2-1CA8-4CFE-B395-30994E7A8DF9}.Release|x64.Build.0 = Release|x64
		{11C77DA2-1CA8-4CFE-B395-30994E7A8DF9}.Release|x86.ActiveCfg = Release|Win32
		{11C77DA2-1CA8-4CFE-B395-30994E7A8DF9}.Release|x86.Build.0 = Release|Win32
		{91B1F1CF-79BD-4112-A924-9B34D010F84C}.Debug|x64.ActiveCfg = Debug|x64
		{91B1F1CF-79BD-4112-A924-9B34D010F84C}.Debug|x64.Build.0 = Debug|x64
		{91B1F1CF-79BD-4112-A924-9B34D010F84C}.Debug|x86.ActiveCfg = Debug|Win32
		{91B1F1CF-79BD-4112-A924-9B34D010F84C}.Debug|x86.Build.0 = Debug|Win32
		{91B1F1CF-79BD-4112-A924-9B34D010F84C}.Release|x64.ActiveCfg = Release|x64
		{91B1F1CF-79BD-4112-A924-9B34D010F84C}.Release|x64.Build.0 = Release|x64
		{91B1F1CF-79BD-4112-A924-9B34D010F84C}.Release|x86.ActiveCfg = Release|Win32
		{91B1F1CF-79BD-4112-A924-9B34D010F84C}.Release|x86.Build.0 = Release|Win32
		{7AA6D97A-2677-4CF9-9808-01799200CB0E}.Debug|x64.ActiveCfg = Debug|x64
		{7AA6D97A-2677-4CF9-9808-01799200CB0E}.Debug|x64.Build.0 = Debug|x64
		{7AA6D97A-2677-4CF9-9808-01799200CB0E}.Debug|x86.ActiveCfg = Debug|Win32
		{7AA6D97A-2677-4CF9-9808-01799200CB0E}.Debug|x86.Build.0 = Debug|Win32
		{7AA6D97A-2677-4CF9-9808-01799200CB0E}.Release|x64.ActiveCfg = Release|x64
		{7AA6D97A-2677-4CF9-9808-01799200CB0E}.Release|x64.Build.0 = Release|x64
		{7AA6D97A-2677-4CF9-9808-01799200CB0E}.Release|x86.ActiveCfg = Release|Win32
		{7AA6D97A-2677-4CF9-9808-01799200CB0E}.Release|x86.Build.0 = Release|Win32
		{218FA726-0853-4FC5-A85B-9C9412DCA764}.Debug|x64.ActiveCfg = Debug|x64
		{218FA726-0853-4FC5-A85B-9C9412DCA764}.Debug|x64.Build.0 = Debug|x64
		{218FA726-0853-4FC5-A85B-9C9412DCA764}.Debug|x86.ActiveCfg = Debug|Win32
		{218FA726-0853-4FC5-A85B-9C9412DCA764}.Debug|x86.Build.0 = Debug|Win32
		{218FA726-0853-4FC5-A85B-9C9412DCA764}.Release|x64.ActiveCfg = Release|x64
		{218FA726-0853-4FC5-A85B-9C9412DCA764}.Release|x64.Build.0 = Release|x64
		{218FA726-0853-4FC5-A85B-9C9412DCA764}.Release|x86.ActiveCfg = Release|Win32
		{218FA726-0853-4FC5-A85B-9C9412DCA764}.Release|x86.Build.0 = Release|Win32
		{D824BEE1-4B45-443D-BB19-36752CC92167}.Debug|x64.ActiveCfg = Debug|x64
		{D824BEE1-4B45-443D-BB19-36752CC92167}.Debug|x64.Build.0 = Debug|x64
		{D824BEE1-4B45-443D-BB19-36752CC92167}.Debug|x86.ActiveCfg = Debug|Win32
		{D824BEE1-4B45-443D-BB19-36752CC92167}.Debug|x86.Build.0 = Debug|Win32
		{D824BEE1-4B45-443D-BB19-36752CC92167}.Release|x64.ActiveCfg = Release|x64
		{D824BEE1-4B45-443D-BB19-36752CC92167}.Release|x64.Build.0 = Release|x64
		{D824BEE1-4B45-443D-BB19-36752CC92167}.Release|x86.ActiveCfg = Release|Win32
		{D824BEE1-4B45-443D-BB19-36752CC92167}.Release|x86.Build.0 = Release|Win32
		{5FAF7805-EEF8-4941-8D33-891D8E358631}.Debug|x64.ActiveCfg = Debug|x64
		{5FAF7805-EEF8-4941-8D33-891D8E358631}.Debug|x64.Build.0 = Debug|x64
		{5FAF7805-EEF8-4941-8D33-891D8E358631}.Debug|x86.ActiveCfg = Debug|Win32
		{5FAF7805-EEF8-4941-8D33-891D8E358631}.Debug|x86.Build.0 = Debug|Win32
		{5FAF7805-EEF8-4941-8D33-891D8E358631}.Release|x64.ActiveCfg = Release|x64
		{5FAF7805-EEF8-4941-8D33-891D8E358631}.Release|x64.Build.0 = Release|x64
		{5FAF7805-EEF8-4941-8D33-891D8E358631}.Release|x86.ActiveCfg = Release|Win32
		{5FAF7805-EEF8-4941-8D33-891D8E358631}.Release|x86.Build.0 = Release|Win32
		{302D414B-A480-4972-A178-7E8D742BB931}.Debug|x64.ActiveCfg = Debug|x64
		{302D414B-A480-4972-A178-7E8D742BB931}.Debug|x64.Build.0 = Debug|x64
		{302D414B-A480-4972-A178-7E8D742BB931}.Debug|x86.ActiveCfg = Debug|Win32
		{302D414B-A480-4972-A178-7E8D742BB931}.Debug|x86.Build.0 = Debug|Win32
		{302D414B-A480-4972-A178-7E8D742BB931}.Release|x64.ActiveCfg = Release|x64
		{302D414B-A480-4972-A178-7E8D742BB931}.Release|x64.Build.0 = Release|x64
		{302D414B-A480-4972-A178-7E8D742BB931}.Release|x86.ActiveCfg = Release|Win32
		{302D414B-A480-4972-A178-7E8D742BB931}.Release|x86.Build.0 = Release|Win32
		{9E105D26-57E6-4807-A6EF-7E4B7BE2494C}.Debug|x64.ActiveCfg = Debug|x64
		{9E105D26-57E6-4807-A6EF-7E4B7BE2494C}.Debug|x64.Build.0 = Debug|x64
		{9E105D26-57E6-4807-A6EF-7E4B7BE2494C}.Debug|x86.ActiveCfg = Debug|Win32
		{9E105D26-57E6-4807-A6EF-7E4B7BE2494C}.Debug|x86.Build.0 = Debug|Win32
		{9E105D26-57E6-4807-A6EF-7E4B7BE2494C}.Release|x64.ActiveCfg = Release|x64
		{9E105D26-57E6-4807-A6EF-7E4B7BE2494C}.Release|x64.Build.0 = Release|x64
		{9E105D26-57E6-4807-A6EF-7E4B7BE2494C}.Release|x86.ActiveCfg = Release|Win32
		{9E105D26-57E6-4807-A6EF-7E4B7BE2494C}.Release|x86.Build.0 = Release|Win32
		{F3C300AD-E4D6-4B1A-8013-F12810A8DC37}.Debug|x64.ActiveCfg = Debug|x64
		{F3C300AD-E4D6-4B1A-8013-F12810A8DC37}.Debug|x64.Build.0 = Debug|x64
		{F3C300AD-E4D6-4B1A-8013-F12810A8DC37}.Debug|x86.ActiveCfg = Debug|Win32
		{F3C300AD-E4D6-4B1A-8013-F12810A8DC37}.Debug|x86.Build.0 = Debug|Win32
		{F3C300AD-E4D6-4B1A-8013-F12810A8DC37}.Release|x64.ActiveCfg = Release|x64
		{F3C300AD-E4D6-4B1A-8013-F12810A8DC37}.Release|x64.Build.0 = Release|x64
		{F3C300AD-E4D6-4B1A-8013-F12810A8DC37}.Release|x86.ActiveCfg = Release|Win32
		{F3C300AD-E4D6-4B1A-8013-F12810A8DC37}.Release|x86.Build.0 = Release|Win32
		{2BE81DE8-98B5-4D3D-93F4-374AD465AADD}.Debug|x64.ActiveCfg = Debug|x64
		{2BE81DE8-98B5-4D3D-93F4-374AD465AADD}.Debug|x64.Build.0 = Debug|x64
		{2BE81DE8-98B5-4D3D-93F4-374AD465AADD}.Debug|x86.ActiveCfg = Debug|Win32
		{2BE81DE8-98B5-4D3D-93F4-374AD465AADD}.Debug|x86.Build.0 = Debug|Win32
		{2BE81DE8-98B5-4D3D-93F4-374AD465AADD}.Release|x64.ActiveCfg = Release|x64
		{2BE81DE8-98B5-4D3D-93F4-374AD465AADD}.Release|x64.Build.0 = Release|x64
		{2BE81DE8-98B5-4D3D-93F4-374AD465AADD}.Release|x86.ActiveCfg = Release|Win32
		{2BE81DE8-98B5-4D3D-93F4-374AD465AADD}.Release|x86.Build.0 = Release|Win32
		{C5CF985A-9A8C-4D36-BA49-A0DEA3432E1A}.Debug|x64.ActiveCfg = Debug|x64
		{C5CF985A-9A8C-4D36-BA49-A0DEA3432E1A}.Debug|x64.Build.0 = Debug|x64
		{C5CF985A-9A8C-4D36-BA49-A0DEA3432E1A}.Debug|x86.ActiveCfg = Debug|Win32
		{C5CF985A-9A8C-4D36-BA49-A0DEA3432E1A}.Debug|x86.Build.0 = Debug|Win32
		{C5CF985A-9A8C-4D36-BA49-A0DEA3432E1A}.Release|x64.ActiveCfg = Release|x64
		{C5CF985A-9A8C-4D36-BA49-A0DEA3432E1A}.Release|x64.Build.0 = Release|x64
		{C5CF985A-9A8C-4D36-BA49-A0DEA3432E1A}.Release|x86.ActiveCfg = Release|Win32
		{C5CF985A-9A8C-4D36-BA49-A0DEA3432E1A}.Release|x86.Build.0 = Release|Win32
		{7567817C-378C-4E47-81D6-E8104A8AEC95}.Debug|x64.ActiveCfg = Debug|x64
		{7567817C-378C-4E47-81D6-E8104A8AEC95}.Debug|x64.Build.0 = Debug|x64
		{7567817C-378C-4E47-81D6-E8104A8AEC95}.Debug|x86.ActiveCfg = Debug|Win32
		{7567817C-378C-4E47-81D6-E8104A8AEC95}.Debug|x86.Build.0 = Debug|Win32
		{7567817C-378C-4E47-81D6-E8104A8AEC95}.Release|x64.ActiveCfg = Release|x64
		{7567817C-378C-4E47-81D6-E8104A8AEC95}.Release|x64.Build.0 = Release|x64
		{7567817C-378C-4E47-81D6-E8104A8AEC95}.Release|x86.ActiveCfg = Release|Win32
		{7567817C-378C-4E47-81D6-E8104A8AEC95}.Release|x86.Build.0 = Release|Win32
		{C426E7ED-3C9D-41DB-8FA7-23B508A2B1E8}.Debug|x64.ActiveCfg = Debug|x64
		{C426E7ED-3C9D-41DB-8FA7-23B508A2B1E8}.Debug|x64.Build.0 = Debug|x64
		{C426E7ED-3C9D-41DB-8FA7-23B508A2B1E8}.Debug|x86.ActiveCfg = Debug|Win32
		{C426E7ED-3C9D-41DB-8FA7-23B508A2B1E8}.Debug|x86.Build.0 = Debug|Win32
		{C426E7ED-3C9D-41DB-8FA7-23B508A2B1E8}.Release|x64.ActiveCfg = Release|x64
		{C426E7ED-3C9D-41DB-8FA7-23B508A2B1E8}.Release|x64.Build.0 = Release|x64
		{C426E7ED-3C9D-41DB-8FA7-23B508A2B1E8}.Release|x86.ActiveCfg = Release|Win32
		{C426E7ED-3C9D-41DB-8FA7-23B508A2B1E8}.Release|x86.Build.0 = Release|Win32
=======
>>>>>>> fd3bd8a34880fd46a1988ecf0a9f4ef85eab370f
	EndGlobalSection
	GlobalSection(SolutionProperties) = preSolution
		HideSolutionNode = FALSE
	EndGlobalSection
	GlobalSection(ExtensibilityGlobals) = postSolution
		SolutionGuid = {5EB2103B-70D4-4C55-B38D-80DFCABE6381}
	EndGlobalSection
EndGlobal
